{
    "name": "fastify-autoload-app",
    "version": "1.0.0",
    "lockfileVersion": 3,
    "requires": true,
    "packages": {
        "": {
            "name": "fastify-autoload-app",
            "version": "1.0.0",
            "dependencies": {
                "@fastify/autoload": "^5.8.0",
                "dotenv": "^17.2.3",
                "drizzle-orm": "^0.44.7",
                "fastify": "^4.24.3",
                "ioredis": "^5.8.2",
                "pg": "^8.16.3",
                "stream-json": "^1.9.1",
                "zod": "^4.1.11"
            },
            "devDependencies": {
                "@types/ioredis": "^4.28.10",
                "@types/node": "^20.0.0",
                "@types/pg": "^8.15.5",
                "@types/stream-json": "^1.7.8",
                "drizzle-kit": "^0.31.5",
                "ts-node": "^10.9.0",
                "tsx": "^4.20.6",
                "typescript": "^5.0.0"
            }
        },
        "node_modules/@cspotcode/source-map-support": {
            "version": "0.8.1",
            "dev": true,
            "license": "MIT",
            "dependencies": {
                "@jridgewell/trace-mapping": "0.3.9"
            },
            "engines": {
                "node": ">=12"
            }
        },
        "node_modules/@drizzle-team/brocli": {
            "version": "0.10.2",
            "dev": true,
            "license": "Apache-2.0"
        },
        "node_modules/@esbuild-kit/core-utils": {
            "version": "3.3.2",
            "dev": true,
            "license": "MIT",
            "dependencies": {
                "esbuild": "~0.18.20",
                "source-map-support": "^0.5.21"
            }
        },
        "node_modules/@esbuild-kit/core-utils/node_modules/esbuild": {
            "version": "0.18.20",
            "dev": true,
            "hasInstallScript": true,
            "license": "MIT",
            "bin": {
                "esbuild": "bin/esbuild"
            },
            "engines": {
                "node": ">=12"
            },
            "optionalDependencies": {
                "@esbuild/android-arm": "0.18.20",
                "@esbuild/android-arm64": "0.18.20",
                "@esbuild/android-x64": "0.18.20",
                "@esbuild/darwin-arm64": "0.18.20",
                "@esbuild/darwin-x64": "0.18.20",
                "@esbuild/freebsd-arm64": "0.18.20",
                "@esbuild/freebsd-x64": "0.18.20",
                "@esbuild/linux-arm": "0.18.20",
                "@esbuild/linux-arm64": "0.18.20",
                "@esbuild/linux-ia32": "0.18.20",
                "@esbuild/linux-loong64": "0.18.20",
                "@esbuild/linux-mips64el": "0.18.20",
                "@esbuild/linux-ppc64": "0.18.20",
                "@esbuild/linux-riscv64": "0.18.20",
                "@esbuild/linux-s390x": "0.18.20",
                "@esbuild/linux-x64": "0.18.20",
                "@esbuild/netbsd-x64": "0.18.20",
                "@esbuild/openbsd-x64": "0.18.20",
                "@esbuild/sunos-x64": "0.18.20",
                "@esbuild/win32-arm64": "0.18.20",
                "@esbuild/win32-ia32": "0.18.20",
                "@esbuild/win32-x64": "0.18.20"
            }
        },
        "node_modules/@esbuild-kit/core-utils/node_modules/esbuild/node_modules/@esbuild/darwin-arm64": {
            "version": "0.18.20",
            "cpu": [
                "arm64"
            ],
            "dev": true,
            "license": "MIT",
            "optional": true,
            "os": [
                "darwin"
            ],
            "engines": {
                "node": ">=12"
            }
        },
        "node_modules/@esbuild-kit/esm-loader": {
            "version": "2.6.5",
            "dev": true,
            "license": "MIT",
            "dependencies": {
                "@esbuild-kit/core-utils": "^3.3.2",
                "get-tsconfig": "^4.7.0"
            }
        },
        "node_modules/@esbuild/darwin-arm64": {
            "version": "0.25.11",
            "cpu": [
                "arm64"
            ],
            "dev": true,
            "license": "MIT",
            "optional": true,
            "os": [
                "darwin"
            ],
            "engines": {
                "node": ">=18"
            }
        },
        "node_modules/@fastify/ajv-compiler": {
            "version": "3.6.0",
            "license": "MIT",
            "dependencies": {
                "ajv": "^8.11.0",
                "ajv-formats": "^2.1.1",
                "fast-uri": "^2.0.0"
            }
        },
        "node_modules/@fastify/autoload": {
            "version": "5.10.0",
            "license": "MIT"
        },
        "node_modules/@fastify/error": {
            "version": "3.4.1",
            "license": "MIT"
        },
        "node_modules/@fastify/fast-json-stringify-compiler": {
            "version": "4.3.0",
            "license": "MIT",
            "dependencies": {
                "fast-json-stringify": "^5.7.0"
            }
        },
        "node_modules/@fastify/merge-json-schemas": {
            "version": "0.1.1",
            "license": "MIT",
            "dependencies": {
                "fast-deep-equal": "^3.1.3"
            }
        },
        "node_modules/@ioredis/commands": {
            "version": "1.4.0",
            "resolved": "https://registry.npmjs.org/@ioredis/commands/-/commands-1.4.0.tgz",
            "integrity": "sha512-aFT2yemJJo+TZCmieA7qnYGQooOS7QfNmYrzGtsYd3g9j5iDP8AimYYAesf79ohjbLG12XxC4nG5DyEnC88AsQ==",
            "license": "MIT"
        },
        "node_modules/@jridgewell/resolve-uri": {
            "version": "3.1.2",
            "dev": true,
            "license": "MIT",
            "engines": {
                "node": ">=6.0.0"
            }
        },
        "node_modules/@jridgewell/sourcemap-codec": {
            "version": "1.5.5",
            "dev": true,
            "license": "MIT"
        },
        "node_modules/@jridgewell/trace-mapping": {
            "version": "0.3.9",
            "dev": true,
            "license": "MIT",
            "dependencies": {
                "@jridgewell/resolve-uri": "^3.0.3",
                "@jridgewell/sourcemap-codec": "^1.4.10"
            }
        },
        "node_modules/@pinojs/redact": {
            "version": "0.4.0",
            "license": "MIT"
        },
        "node_modules/@tsconfig/node10": {
            "version": "1.0.11",
            "dev": true,
            "license": "MIT"
        },
        "node_modules/@tsconfig/node12": {
            "version": "1.0.11",
            "dev": true,
            "license": "MIT"
        },
        "node_modules/@tsconfig/node14": {
            "version": "1.0.3",
            "dev": true,
            "license": "MIT"
        },
        "node_modules/@tsconfig/node16": {
            "version": "1.0.4",
            "dev": true,
            "license": "MIT"
        },
        "node_modules/@types/ioredis": {
            "version": "4.28.10",
            "resolved": "https://registry.npmjs.org/@types/ioredis/-/ioredis-4.28.10.tgz",
            "integrity": "sha512-69LyhUgrXdgcNDv7ogs1qXZomnfOEnSmrmMFqKgt1XMJxmoOSG/u3wYy13yACIfKuMJ8IhKgHafDO3sx19zVQQ==",
            "dev": true,
            "license": "MIT",
            "dependencies": {
                "@types/node": "*"
            }
        },
        "node_modules/@types/node": {
            "version": "20.19.23",
            "devOptional": true,
            "license": "MIT",
            "dependencies": {
                "undici-types": "~6.21.0"
            }
        },
        "node_modules/@types/pg": {
            "version": "8.15.5",
            "devOptional": true,
            "license": "MIT",
            "dependencies": {
                "@types/node": "*",
                "pg-protocol": "*",
                "pg-types": "^2.2.0"
            }
        },
        "node_modules/@types/stream-chain": {
            "version": "2.1.0",
            "resolved": "https://registry.npmjs.org/@types/stream-chain/-/stream-chain-2.1.0.tgz",
            "integrity": "sha512-guDyAl6s/CAzXUOWpGK2bHvdiopLIwpGu8v10+lb9hnQOyo4oj/ZUQFOvqFjKGsE3wJP1fpIesCcMvbXuWsqOg==",
            "dev": true,
            "license": "MIT",
            "dependencies": {
                "@types/node": "*"
            }
        },
        "node_modules/@types/stream-json": {
            "version": "1.7.8",
            "resolved": "https://registry.npmjs.org/@types/stream-json/-/stream-json-1.7.8.tgz",
            "integrity": "sha512-MU1OB1eFLcYWd1LjwKXrxdoPtXSRzRmAnnxs4Js/ayB5O/NvHraWwuOaqMWIebpYwM6khFlsJOHEhI9xK/ab4Q==",
            "dev": true,
            "license": "MIT",
            "dependencies": {
                "@types/node": "*",
                "@types/stream-chain": "*"
            }
        },
        "node_modules/abstract-logging": {
            "version": "2.0.1",
            "license": "MIT"
        },
        "node_modules/acorn": {
            "version": "8.15.0",
            "dev": true,
            "license": "MIT",
            "bin": {
                "acorn": "bin/acorn"
            },
            "engines": {
                "node": ">=0.4.0"
            }
        },
        "node_modules/acorn-walk": {
            "version": "8.3.4",
            "dev": true,
            "license": "MIT",
            "dependencies": {
                "acorn": "^8.11.0"
            },
            "engines": {
                "node": ">=0.4.0"
            }
        },
        "node_modules/ajv": {
            "version": "8.17.1",
            "license": "MIT",
            "dependencies": {
                "fast-deep-equal": "^3.1.3",
                "fast-uri": "^3.0.1",
                "json-schema-traverse": "^1.0.0",
                "require-from-string": "^2.0.2"
            },
            "funding": {
                "type": "github",
                "url": "https://github.com/sponsors/epoberezkin"
            }
        },
        "node_modules/ajv-formats": {
            "version": "2.1.1",
            "license": "MIT",
            "dependencies": {
                "ajv": "^8.0.0"
            },
            "peerDependencies": {
                "ajv": "^8.0.0"
            },
            "peerDependenciesMeta": {
                "ajv": {
                    "optional": true
                }
            }
        },
        "node_modules/ajv/node_modules/fast-uri": {
            "version": "3.1.0",
            "funding": [
                {
                    "type": "github",
                    "url": "https://github.com/sponsors/fastify"
                },
                {
                    "type": "opencollective",
                    "url": "https://opencollective.com/fastify"
                }
            ],
            "license": "BSD-3-Clause"
        },
        "node_modules/arg": {
            "version": "4.1.3",
            "dev": true,
            "license": "MIT"
        },
        "node_modules/atomic-sleep": {
            "version": "1.0.0",
            "license": "MIT",
            "engines": {
                "node": ">=8.0.0"
            }
        },
        "node_modules/avvio": {
            "version": "8.4.0",
            "license": "MIT",
            "dependencies": {
                "@fastify/error": "^3.3.0",
                "fastq": "^1.17.1"
            }
        },
        "node_modules/buffer-from": {
            "version": "1.1.2",
            "dev": true,
            "license": "MIT"
        },
        "node_modules/cluster-key-slot": {
            "version": "1.1.2",
            "resolved": "https://registry.npmjs.org/cluster-key-slot/-/cluster-key-slot-1.1.2.tgz",
            "integrity": "sha512-RMr0FhtfXemyinomL4hrWcYJxmX6deFdCxpJzhDttxgO1+bcCnkk+9drydLVDmAMG7NE6aN/fl4F7ucU/90gAA==",
            "license": "Apache-2.0",
            "engines": {
                "node": ">=0.10.0"
            }
        },
        "node_modules/cookie": {
            "version": "0.7.2",
            "license": "MIT",
            "engines": {
                "node": ">= 0.6"
            }
        },
        "node_modules/create-require": {
            "version": "1.1.1",
            "dev": true,
            "license": "MIT"
        },
        "node_modules/debug": {
            "version": "4.4.3",
            "license": "MIT",
            "dependencies": {
                "ms": "^2.1.3"
            },
            "engines": {
                "node": ">=6.0"
            },
            "peerDependenciesMeta": {
                "supports-color": {
                    "optional": true
                }
            }
        },
        "node_modules/denque": {
            "version": "2.1.0",
            "resolved": "https://registry.npmjs.org/denque/-/denque-2.1.0.tgz",
            "integrity": "sha512-HVQE3AAb/pxF8fQAoiqpvg9i3evqug3hoiwakOyZAwJm+6vZehbkYXZ0l4JxS+I3QxM97v5aaRNhj8v5oBhekw==",
            "license": "Apache-2.0",
            "engines": {
                "node": ">=0.10"
            }
        },
        "node_modules/diff": {
            "version": "4.0.2",
            "dev": true,
            "license": "BSD-3-Clause",
            "engines": {
                "node": ">=0.3.1"
            }
        },
        "node_modules/dotenv": {
            "version": "17.2.3",
            "license": "BSD-2-Clause",
            "engines": {
                "node": ">=12"
            },
            "funding": {
                "url": "https://dotenvx.com"
            }
        },
        "node_modules/drizzle-kit": {
            "version": "0.31.5",
            "dev": true,
            "license": "MIT",
            "dependencies": {
                "@drizzle-team/brocli": "^0.10.2",
                "@esbuild-kit/esm-loader": "^2.5.5",
                "esbuild": "^0.25.4",
                "esbuild-register": "^3.5.0"
            },
            "bin": {
                "drizzle-kit": "bin.cjs"
            }
        },
        "node_modules/drizzle-orm": {
            "version": "0.44.7",
            "license": "Apache-2.0",
            "peerDependencies": {
                "@aws-sdk/client-rds-data": ">=3",
                "@cloudflare/workers-types": ">=4",
                "@electric-sql/pglite": ">=0.2.0",
                "@libsql/client": ">=0.10.0",
                "@libsql/client-wasm": ">=0.10.0",
                "@neondatabase/serverless": ">=0.10.0",
                "@op-engineering/op-sqlite": ">=2",
                "@opentelemetry/api": "^1.4.1",
                "@planetscale/database": ">=1.13",
                "@prisma/client": "*",
                "@tidbcloud/serverless": "*",
                "@types/better-sqlite3": "*",
                "@types/pg": "*",
                "@types/sql.js": "*",
                "@upstash/redis": ">=1.34.7",
                "@vercel/postgres": ">=0.8.0",
                "@xata.io/client": "*",
                "better-sqlite3": ">=7",
                "bun-types": "*",
                "expo-sqlite": ">=14.0.0",
                "gel": ">=2",
                "knex": "*",
                "kysely": "*",
                "mysql2": ">=2",
                "pg": ">=8",
                "postgres": ">=3",
                "sql.js": ">=1",
                "sqlite3": ">=5"
            },
            "peerDependenciesMeta": {
                "@aws-sdk/client-rds-data": {
                    "optional": true
                },
                "@cloudflare/workers-types": {
                    "optional": true
                },
                "@electric-sql/pglite": {
                    "optional": true
                },
                "@libsql/client": {
                    "optional": true
                },
                "@libsql/client-wasm": {
                    "optional": true
                },
                "@neondatabase/serverless": {
                    "optional": true
                },
                "@op-engineering/op-sqlite": {
                    "optional": true
                },
                "@opentelemetry/api": {
                    "optional": true
                },
                "@planetscale/database": {
                    "optional": true
                },
                "@prisma/client": {
                    "optional": true
                },
                "@tidbcloud/serverless": {
                    "optional": true
                },
                "@types/better-sqlite3": {
                    "optional": true
                },
                "@types/pg": {
                    "optional": true
                },
                "@types/sql.js": {
                    "optional": true
                },
                "@upstash/redis": {
                    "optional": true
                },
                "@vercel/postgres": {
                    "optional": true
                },
                "@xata.io/client": {
                    "optional": true
                },
                "better-sqlite3": {
                    "optional": true
                },
                "bun-types": {
                    "optional": true
                },
                "expo-sqlite": {
                    "optional": true
                },
                "gel": {
                    "optional": true
                },
                "knex": {
                    "optional": true
                },
                "kysely": {
                    "optional": true
                },
                "mysql2": {
                    "optional": true
                },
                "pg": {
                    "optional": true
                },
                "postgres": {
                    "optional": true
                },
                "prisma": {
                    "optional": true
                },
                "sql.js": {
                    "optional": true
                },
                "sqlite3": {
                    "optional": true
                }
            }
        },
        "node_modules/esbuild": {
            "version": "0.25.11",
            "dev": true,
            "hasInstallScript": true,
            "license": "MIT",
            "bin": {
                "esbuild": "bin/esbuild"
            },
            "engines": {
                "node": ">=18"
            },
            "optionalDependencies": {
                "@esbuild/aix-ppc64": "0.25.11",
                "@esbuild/android-arm": "0.25.11",
                "@esbuild/android-arm64": "0.25.11",
                "@esbuild/android-x64": "0.25.11",
                "@esbuild/darwin-arm64": "0.25.11",
                "@esbuild/darwin-x64": "0.25.11",
                "@esbuild/freebsd-arm64": "0.25.11",
                "@esbuild/freebsd-x64": "0.25.11",
                "@esbuild/linux-arm": "0.25.11",
                "@esbuild/linux-arm64": "0.25.11",
                "@esbuild/linux-ia32": "0.25.11",
                "@esbuild/linux-loong64": "0.25.11",
                "@esbuild/linux-mips64el": "0.25.11",
                "@esbuild/linux-ppc64": "0.25.11",
                "@esbuild/linux-riscv64": "0.25.11",
                "@esbuild/linux-s390x": "0.25.11",
                "@esbuild/linux-x64": "0.25.11",
                "@esbuild/netbsd-arm64": "0.25.11",
                "@esbuild/netbsd-x64": "0.25.11",
                "@esbuild/openbsd-arm64": "0.25.11",
                "@esbuild/openbsd-x64": "0.25.11",
                "@esbuild/openharmony-arm64": "0.25.11",
                "@esbuild/sunos-x64": "0.25.11",
                "@esbuild/win32-arm64": "0.25.11",
                "@esbuild/win32-ia32": "0.25.11",
                "@esbuild/win32-x64": "0.25.11"
            }
        },
        "node_modules/esbuild-register": {
            "version": "3.6.0",
            "dev": true,
            "license": "MIT",
            "dependencies": {
                "debug": "^4.3.4"
            },
            "peerDependencies": {
                "esbuild": ">=0.12 <1"
            }
        },
        "node_modules/fast-content-type-parse": {
            "version": "1.1.0",
            "license": "MIT"
        },
        "node_modules/fast-decode-uri-component": {
            "version": "1.0.1",
            "license": "MIT"
        },
        "node_modules/fast-deep-equal": {
            "version": "3.1.3",
            "license": "MIT"
        },
        "node_modules/fast-json-stringify": {
            "version": "5.16.1",
            "license": "MIT",
            "dependencies": {
                "@fastify/merge-json-schemas": "^0.1.0",
                "ajv": "^8.10.0",
                "ajv-formats": "^3.0.1",
                "fast-deep-equal": "^3.1.3",
                "fast-uri": "^2.1.0",
                "json-schema-ref-resolver": "^1.0.1",
                "rfdc": "^1.2.0"
            }
        },
        "node_modules/fast-json-stringify/node_modules/ajv-formats": {
            "version": "3.0.1",
            "license": "MIT",
            "dependencies": {
                "ajv": "^8.0.0"
            },
            "peerDependencies": {
                "ajv": "^8.0.0"
            },
            "peerDependenciesMeta": {
                "ajv": {
                    "optional": true
                }
            }
        },
        "node_modules/fast-querystring": {
            "version": "1.1.2",
            "license": "MIT",
            "dependencies": {
                "fast-decode-uri-component": "^1.0.1"
            }
        },
        "node_modules/fast-uri": {
            "version": "2.4.0",
            "license": "MIT"
        },
        "node_modules/fastify": {
            "version": "4.29.1",
            "funding": [
                {
                    "type": "github",
                    "url": "https://github.com/sponsors/fastify"
                },
                {
                    "type": "opencollective",
                    "url": "https://opencollective.com/fastify"
                }
            ],
            "license": "MIT",
            "dependencies": {
                "@fastify/ajv-compiler": "^3.5.0",
                "@fastify/error": "^3.4.0",
                "@fastify/fast-json-stringify-compiler": "^4.3.0",
                "abstract-logging": "^2.0.1",
                "avvio": "^8.3.0",
                "fast-content-type-parse": "^1.1.0",
                "fast-json-stringify": "^5.8.0",
                "find-my-way": "^8.0.0",
                "light-my-request": "^5.11.0",
                "pino": "^9.0.0",
                "process-warning": "^3.0.0",
                "proxy-addr": "^2.0.7",
                "rfdc": "^1.3.0",
                "secure-json-parse": "^2.7.0",
                "semver": "^7.5.4",
                "toad-cache": "^3.3.0"
            }
        },
        "node_modules/fastq": {
            "version": "1.19.1",
            "license": "ISC",
            "dependencies": {
                "reusify": "^1.0.4"
            }
        },
        "node_modules/find-my-way": {
            "version": "8.2.2",
            "license": "MIT",
            "dependencies": {
                "fast-deep-equal": "^3.1.3",
                "fast-querystring": "^1.0.0",
                "safe-regex2": "^3.1.0"
            },
            "engines": {
                "node": ">=14"
            }
        },
        "node_modules/forwarded": {
            "version": "0.2.0",
            "license": "MIT",
            "engines": {
                "node": ">= 0.6"
            }
        },
        "node_modules/fsevents": {
            "version": "2.3.3",
            "dev": true,
            "license": "MIT",
            "optional": true,
            "os": [
                "darwin"
            ],
            "engines": {
                "node": "^8.16.0 || ^10.6.0 || >=11.0.0"
            }
        },
        "node_modules/get-tsconfig": {
            "version": "4.13.0",
            "dev": true,
            "license": "MIT",
            "dependencies": {
                "resolve-pkg-maps": "^1.0.0"
            },
            "funding": {
                "url": "https://github.com/privatenumber/get-tsconfig?sponsor=1"
            }
        },
        "node_modules/ioredis": {
            "version": "5.8.2",
            "resolved": "https://registry.npmjs.org/ioredis/-/ioredis-5.8.2.tgz",
            "integrity": "sha512-C6uC+kleiIMmjViJINWk80sOQw5lEzse1ZmvD+S/s8p8CWapftSaC+kocGTx6xrbrJ4WmYQGC08ffHLr6ToR6Q==",
            "license": "MIT",
            "dependencies": {
                "@ioredis/commands": "1.4.0",
                "cluster-key-slot": "^1.1.0",
                "debug": "^4.3.4",
                "denque": "^2.1.0",
                "lodash.defaults": "^4.2.0",
                "lodash.isarguments": "^3.1.0",
                "redis-errors": "^1.2.0",
                "redis-parser": "^3.0.0",
                "standard-as-callback": "^2.1.0"
            },
            "engines": {
                "node": ">=12.22.0"
            },
            "funding": {
                "type": "opencollective",
                "url": "https://opencollective.com/ioredis"
            }
        },
        "node_modules/ipaddr.js": {
            "version": "1.9.1",
            "license": "MIT",
            "engines": {
                "node": ">= 0.10"
            }
        },
        "node_modules/json-schema-ref-resolver": {
            "version": "1.0.1",
            "license": "MIT",
            "dependencies": {
                "fast-deep-equal": "^3.1.3"
            }
        },
        "node_modules/json-schema-traverse": {
            "version": "1.0.0",
            "license": "MIT"
        },
        "node_modules/light-my-request": {
            "version": "5.14.0",
            "license": "BSD-3-Clause",
            "dependencies": {
                "cookie": "^0.7.0",
                "process-warning": "^3.0.0",
                "set-cookie-parser": "^2.4.1"
            }
        },
        "node_modules/lodash.defaults": {
            "version": "4.2.0",
            "resolved": "https://registry.npmjs.org/lodash.defaults/-/lodash.defaults-4.2.0.tgz",
            "integrity": "sha512-qjxPLHd3r5DnsdGacqOMU6pb/avJzdh9tFX2ymgoZE27BmjXrNy/y4LoaiTeAb+O3gL8AfpJGtqfX/ae2leYYQ==",
            "license": "MIT"
        },
        "node_modules/lodash.isarguments": {
            "version": "3.1.0",
            "resolved": "https://registry.npmjs.org/lodash.isarguments/-/lodash.isarguments-3.1.0.tgz",
            "integrity": "sha512-chi4NHZlZqZD18a0imDHnZPrDeBbTtVN7GXMwuGdRH9qotxAjYs3aVLKc7zNOG9eddR5Ksd8rvFEBc9SsggPpg==",
            "license": "MIT"
        },
        "node_modules/make-error": {
            "version": "1.3.6",
            "dev": true,
            "license": "ISC"
        },
        "node_modules/ms": {
            "version": "2.1.3",
            "license": "MIT"
        },
        "node_modules/on-exit-leak-free": {
            "version": "2.1.2",
            "license": "MIT",
            "engines": {
                "node": ">=14.0.0"
            }
        },
        "node_modules/pg": {
            "version": "8.16.3",
            "license": "MIT",
            "dependencies": {
                "pg-connection-string": "^2.9.1",
                "pg-pool": "^3.10.1",
                "pg-protocol": "^1.10.3",
                "pg-types": "2.2.0",
                "pgpass": "1.0.5"
            },
            "engines": {
                "node": ">= 16.0.0"
            },
            "optionalDependencies": {
                "pg-cloudflare": "^1.2.7"
            },
            "peerDependencies": {
                "pg-native": ">=3.0.1"
            },
            "peerDependenciesMeta": {
                "pg-native": {
                    "optional": true
                }
            }
        },
        "node_modules/pg-cloudflare": {
            "version": "1.2.7",
            "license": "MIT",
            "optional": true
        },
        "node_modules/pg-connection-string": {
            "version": "2.9.1",
            "license": "MIT"
        },
        "node_modules/pg-int8": {
            "version": "1.0.1",
            "license": "ISC",
            "engines": {
                "node": ">=4.0.0"
            }
        },
        "node_modules/pg-pool": {
            "version": "3.10.1",
            "license": "MIT",
            "peerDependencies": {
                "pg": ">=8.0"
            }
        },
        "node_modules/pg-protocol": {
            "version": "1.10.3",
            "license": "MIT"
        },
        "node_modules/pg-types": {
            "version": "2.2.0",
            "license": "MIT",
            "dependencies": {
                "pg-int8": "1.0.1",
                "postgres-array": "~2.0.0",
                "postgres-bytea": "~1.0.0",
                "postgres-date": "~1.0.4",
                "postgres-interval": "^1.1.0"
            },
            "engines": {
                "node": ">=4"
            }
        },
        "node_modules/pgpass": {
            "version": "1.0.5",
            "license": "MIT",
            "dependencies": {
                "split2": "^4.1.0"
            }
        },
        "node_modules/pino": {
            "version": "9.14.0",
            "license": "MIT",
            "dependencies": {
                "@pinojs/redact": "^0.4.0",
                "atomic-sleep": "^1.0.0",
                "on-exit-leak-free": "^2.1.0",
                "pino-abstract-transport": "^2.0.0",
                "pino-std-serializers": "^7.0.0",
                "process-warning": "^5.0.0",
                "quick-format-unescaped": "^4.0.3",
                "real-require": "^0.2.0",
                "safe-stable-stringify": "^2.3.1",
                "sonic-boom": "^4.0.1",
                "thread-stream": "^3.0.0"
            },
            "bin": {
                "pino": "bin.js"
            }
        },
        "node_modules/pino-abstract-transport": {
            "version": "2.0.0",
            "license": "MIT",
            "dependencies": {
                "split2": "^4.0.0"
            }
        },
        "node_modules/pino-std-serializers": {
            "version": "7.0.0",
            "license": "MIT"
        },
        "node_modules/pino/node_modules/process-warning": {
            "version": "5.0.0",
            "funding": [
                {
                    "type": "github",
                    "url": "https://github.com/sponsors/fastify"
                },
                {
                    "type": "opencollective",
                    "url": "https://opencollective.com/fastify"
                }
            ],
            "license": "MIT"
        },
        "node_modules/postgres-array": {
            "version": "2.0.0",
            "license": "MIT",
            "engines": {
                "node": ">=4"
            }
        },
        "node_modules/postgres-bytea": {
            "version": "1.0.0",
            "license": "MIT",
            "engines": {
                "node": ">=0.10.0"
            }
        },
        "node_modules/postgres-date": {
            "version": "1.0.7",
            "license": "MIT",
            "engines": {
                "node": ">=0.10.0"
            }
        },
        "node_modules/postgres-interval": {
            "version": "1.2.0",
            "license": "MIT",
            "dependencies": {
                "xtend": "^4.0.0"
            },
            "engines": {
                "node": ">=0.10.0"
            }
        },
        "node_modules/process-warning": {
            "version": "3.0.0",
            "license": "MIT"
        },
        "node_modules/proxy-addr": {
            "version": "2.0.7",
            "license": "MIT",
            "dependencies": {
                "forwarded": "0.2.0",
                "ipaddr.js": "1.9.1"
            },
            "engines": {
                "node": ">= 0.10"
            }
        },
        "node_modules/quick-format-unescaped": {
            "version": "4.0.4",
            "license": "MIT"
        },
        "node_modules/real-require": {
            "version": "0.2.0",
            "license": "MIT",
            "engines": {
                "node": ">= 12.13.0"
            }
        },
        "node_modules/redis-errors": {
            "version": "1.2.0",
            "resolved": "https://registry.npmjs.org/redis-errors/-/redis-errors-1.2.0.tgz",
            "integrity": "sha512-1qny3OExCf0UvUV/5wpYKf2YwPcOqXzkwKKSmKHiE6ZMQs5heeE/c8eXK+PNllPvmjgAbfnsbpkGZWy8cBpn9w==",
            "license": "MIT",
            "engines": {
                "node": ">=4"
            }
        },
        "node_modules/redis-parser": {
            "version": "3.0.0",
            "resolved": "https://registry.npmjs.org/redis-parser/-/redis-parser-3.0.0.tgz",
            "integrity": "sha512-DJnGAeenTdpMEH6uAJRK/uiyEIH9WVsUmoLwzudwGJUwZPp80PDBWPHXSAGNPwNvIXAbe7MSUB1zQFugFml66A==",
            "license": "MIT",
            "dependencies": {
                "redis-errors": "^1.0.0"
            },
            "engines": {
                "node": ">=4"
            }
        },
        "node_modules/require-from-string": {
            "version": "2.0.2",
            "license": "MIT",
            "engines": {
                "node": ">=0.10.0"
            }
        },
        "node_modules/resolve-pkg-maps": {
            "version": "1.0.0",
            "dev": true,
            "license": "MIT",
            "funding": {
                "url": "https://github.com/privatenumber/resolve-pkg-maps?sponsor=1"
            }
        },
        "node_modules/ret": {
            "version": "0.4.3",
            "license": "MIT",
            "engines": {
                "node": ">=10"
            }
        },
        "node_modules/reusify": {
            "version": "1.1.0",
            "license": "MIT",
            "engines": {
                "iojs": ">=1.0.0",
                "node": ">=0.10.0"
            }
        },
        "node_modules/rfdc": {
            "version": "1.4.1",
            "license": "MIT"
        },
        "node_modules/safe-regex2": {
            "version": "3.1.0",
            "license": "MIT",
            "dependencies": {
                "ret": "~0.4.0"
            }
        },
        "node_modules/safe-stable-stringify": {
            "version": "2.5.0",
            "license": "MIT",
            "engines": {
                "node": ">=10"
            }
        },
        "node_modules/secure-json-parse": {
            "version": "2.7.0",
            "license": "BSD-3-Clause"
        },
        "node_modules/semver": {
            "version": "7.7.3",
            "license": "ISC",
            "bin": {
                "semver": "bin/semver.js"
            },
            "engines": {
                "node": ">=10"
            }
        },
        "node_modules/set-cookie-parser": {
            "version": "2.7.1",
            "license": "MIT"
        },
        "node_modules/sonic-boom": {
            "version": "4.2.0",
            "license": "MIT",
            "dependencies": {
                "atomic-sleep": "^1.0.0"
            }
        },
        "node_modules/source-map": {
            "version": "0.6.1",
            "dev": true,
            "license": "BSD-3-Clause",
            "engines": {
                "node": ">=0.10.0"
            }
        },
        "node_modules/source-map-support": {
            "version": "0.5.21",
            "dev": true,
            "license": "MIT",
            "dependencies": {
                "buffer-from": "^1.0.0",
                "source-map": "^0.6.0"
            }
        },
        "node_modules/split2": {
            "version": "4.2.0",
            "license": "ISC",
            "engines": {
                "node": ">= 10.x"
            }
        },
        "node_modules/standard-as-callback": {
            "version": "2.1.0",
            "resolved": "https://registry.npmjs.org/standard-as-callback/-/standard-as-callback-2.1.0.tgz",
            "integrity": "sha512-qoRRSyROncaz1z0mvYqIE4lCd9p2R90i6GxW3uZv5ucSu8tU7B5HXUP1gG8pVZsYNVaXjk8ClXHPttLyxAL48A==",
            "license": "MIT"
        },
        "node_modules/stream-chain": {
            "version": "2.2.5",
            "resolved": "https://registry.npmjs.org/stream-chain/-/stream-chain-2.2.5.tgz",
            "integrity": "sha512-1TJmBx6aSWqZ4tx7aTpBDXK0/e2hhcNSTV8+CbFJtDjbb+I1mZ8lHit0Grw9GRT+6JbIrrDd8esncgBi8aBXGA==",
            "license": "BSD-3-Clause"
        },
        "node_modules/stream-json": {
            "version": "1.9.1",
            "resolved": "https://registry.npmjs.org/stream-json/-/stream-json-1.9.1.tgz",
            "integrity": "sha512-uWkjJ+2Nt/LO9Z/JyKZbMusL8Dkh97uUBTv3AJQ74y07lVahLY4eEFsPsE97pxYBwr8nnjMAIch5eqI0gPShyw==",
            "license": "BSD-3-Clause",
            "dependencies": {
                "stream-chain": "^2.2.5"
            }
        },
        "node_modules/thread-stream": {
            "version": "3.1.0",
            "license": "MIT",
            "dependencies": {
                "real-require": "^0.2.0"
            }
        },
        "node_modules/toad-cache": {
            "version": "3.7.0",
            "license": "MIT",
            "engines": {
                "node": ">=12"
            }
        },
        "node_modules/ts-node": {
            "version": "10.9.2",
            "dev": true,
            "license": "MIT",
            "dependencies": {
                "@cspotcode/source-map-support": "^0.8.0",
                "@tsconfig/node10": "^1.0.7",
                "@tsconfig/node12": "^1.0.7",
                "@tsconfig/node14": "^1.0.0",
                "@tsconfig/node16": "^1.0.2",
                "acorn": "^8.4.1",
                "acorn-walk": "^8.1.1",
                "arg": "^4.1.0",
                "create-require": "^1.1.0",
                "diff": "^4.0.1",
                "make-error": "^1.1.1",
                "v8-compile-cache-lib": "^3.0.1",
                "yn": "3.1.1"
            },
            "bin": {
                "ts-node": "dist/bin.js",
                "ts-node-cwd": "dist/bin-cwd.js",
                "ts-node-esm": "dist/bin-esm.js",
                "ts-node-script": "dist/bin-script.js",
                "ts-node-transpile-only": "dist/bin-transpile.js",
                "ts-script": "dist/bin-script-deprecated.js"
            },
            "peerDependencies": {
                "@swc/core": ">=1.2.50",
                "@swc/wasm": ">=1.2.50",
                "@types/node": "*",
                "typescript": ">=2.7"
            },
            "peerDependenciesMeta": {
                "@swc/core": {
                    "optional": true
                },
                "@swc/wasm": {
                    "optional": true
                }
            }
        },
        "node_modules/tsx": {
            "version": "4.20.6",
            "dev": true,
            "license": "MIT",
            "dependencies": {
                "esbuild": "~0.25.0",
                "get-tsconfig": "^4.7.5"
            },
            "bin": {
                "tsx": "dist/cli.mjs"
            },
            "engines": {
                "node": ">=18.0.0"
            },
            "optionalDependencies": {
                "fsevents": "~2.3.3"
            }
        },
        "node_modules/typescript": {
            "version": "5.9.3",
            "dev": true,
            "license": "Apache-2.0",
            "bin": {
                "tsc": "bin/tsc",
                "tsserver": "bin/tsserver"
            },
            "engines": {
                "node": ">=14.17"
            }
        },
        "node_modules/undici-types": {
            "version": "6.21.0",
            "devOptional": true,
            "license": "MIT"
        },
        "node_modules/v8-compile-cache-lib": {
            "version": "3.0.1",
            "dev": true,
            "license": "MIT"
        },
        "node_modules/xtend": {
            "version": "4.0.2",
            "license": "MIT",
            "engines": {
                "node": ">=0.4"
            }
        },
        "node_modules/yn": {
            "version": "3.1.1",
            "dev": true,
            "license": "MIT",
            "engines": {
                "node": ">=6"
            }
        },
        "node_modules/zod": {
            "version": "4.1.12",
            "license": "MIT",
            "funding": {
                "url": "https://github.com/sponsors/colinhacks"
            }
        }
    }
}
